// !$*UTF8*$!
{
	archiveVersion = 1;
	classes = {
	};
	objectVersion = 77;
	objects = {

/* Begin PBXBuildFile section */
		02BAE726E22BFFEDC7EF0414 /* AddPortfolioTests.swift in Sources */ = {isa = PBXBuildFile; fileRef = 8FD54720865592A1AEC28DBC /* AddPortfolioTests.swift */; };
		05C95DE266286E5F2EFFF206 /* AppColorScheme+SwiftUI.swift in Sources */ = {isa = PBXBuildFile; fileRef = 0E027B60436A61420ED999E3 /* AppColorScheme+SwiftUI.swift */; };
		0673AA4E6EB71D63D290E8FE /* DRIPSimulatorView.swift in Sources */ = {isa = PBXBuildFile; fileRef = 278F70129F8930EDBEC972D3 /* DRIPSimulatorView.swift */; };
		0979E0EFC122A65E87B6D040 /* KeychainServiceTests.swift in Sources */ = {isa = PBXBuildFile; fileRef = F7030F6F406B0EE940606980 /* KeychainServiceTests.swift */; };
		0F2DA6D72E887A177DAF9D58 /* WatchlistView.swift in Sources */ = {isa = PBXBuildFile; fileRef = 0CE273883E50C4F702B8DA93 /* WatchlistView.swift */; };
		10C70E33FFDEDB066F21DFC4 /* SettingsStore.swift in Sources */ = {isa = PBXBuildFile; fileRef = 39954C69C6016976D6D8707B /* SettingsStore.swift */; };
		14BF60D0BA98FE81C5979572 /* TaxSummaryView.swift in Sources */ = {isa = PBXBuildFile; fileRef = 84A74ED20A31232F6646A2A6 /* TaxSummaryView.swift */; };
		17AE816DDA9521CBBFDFD69B /* WatchlistItem.swift in Sources */ = {isa = PBXBuildFile; fileRef = 545032ABA0D6C2F77F79D93C /* WatchlistItem.swift */; };
		1BAA2B119C2179B83EE8A41D /* DividendSafetyView.swift in Sources */ = {isa = PBXBuildFile; fileRef = 796F34EF1AB763776D0CFDB7 /* DividendSafetyView.swift */; };
		1ED58B5C130C37C017765788 /* PolygonService.swift in Sources */ = {isa = PBXBuildFile; fileRef = BBC36DA4D1479658B4AC9D33 /* PolygonService.swift */; };
		2219A3D66CC6A7AE4E870849 /* EditHoldingView.swift in Sources */ = {isa = PBXBuildFile; fileRef = 8600F9CD4E0ECCF8DA305D42 /* EditHoldingView.swift */; };
		2811D99258A809FCFBD5EBDB /* OnboardingTests.swift in Sources */ = {isa = PBXBuildFile; fileRef = 4B301CF32A5E5ECBF36F3E32 /* OnboardingTests.swift */; };
		2B2F7F5FE6554DC6CBC1D8B0 /* StockBrowserView.swift in Sources */ = {isa = PBXBuildFile; fileRef = CBF85C275AC60329CD30EE9A /* StockBrowserView.swift */; };
		302708F25D08CD1BCE76FC2D /* CoverageMeterTests.swift in Sources */ = {isa = PBXBuildFile; fileRef = 67CCEAC201176AF06A2EEE86 /* CoverageMeterTests.swift */; };
		39CE7770F3D82C44F3117BBF /* DividendSchedule.swift in Sources */ = {isa = PBXBuildFile; fileRef = 76B968D0039281DB8983FA03 /* DividendSchedule.swift */; };
		4733A1B96E03A2AE728F9093 /* DashboardView.swift in Sources */ = {isa = PBXBuildFile; fileRef = 4F82B6F194AD4950FEACE8BE /* DashboardView.swift */; };
		496B5466FBBAB916FEC7CDA4 /* ModelContainerFactory.swift in Sources */ = {isa = PBXBuildFile; fileRef = 11AE850638057BE756C41B92 /* ModelContainerFactory.swift */; };
		499BBEA3099494FE2D695306 /* DashboardMetrics.swift in Sources */ = {isa = PBXBuildFile; fileRef = 9C30FC2CD0BC2FBFF38A93D0 /* DashboardMetrics.swift */; };
		4BFEF93245609B9F162F4F55 /* EditHoldingTests.swift in Sources */ = {isa = PBXBuildFile; fileRef = 14C8CC0191B4D2B353C92812 /* EditHoldingTests.swift */; };
		532A1BF0FBDA072F48C348BD /* MyAppApp.swift in Sources */ = {isa = PBXBuildFile; fileRef = 43AC62307FC0866810DDF20F /* MyAppApp.swift */; };
		53D1065F0BC685A0EC172A6A /* CoverageMeterView.swift in Sources */ = {isa = PBXBuildFile; fileRef = D4A233EDCCF999850598369A /* CoverageMeterView.swift */; };
		5D5DB28828779CC1549F317F /* IncomeHeroView.swift in Sources */ = {isa = PBXBuildFile; fileRef = 4AC714EC6294F050205D7CBC /* IncomeHeroView.swift */; };
		6EAC5C805CD25068CD6B9FD2 /* DividendCalendarRowView.swift in Sources */ = {isa = PBXBuildFile; fileRef = 1679A13FA7597EEABA5E85CA /* DividendCalendarRowView.swift */; };
		6FB33C4BAF790F222558D82D /* PolygonModels.swift in Sources */ = {isa = PBXBuildFile; fileRef = 047526A7CB59A2CEC408D324 /* PolygonModels.swift */; };
		73B2BA9EDC6ED7AB23745BB6 /* OnboardingView.swift in Sources */ = {isa = PBXBuildFile; fileRef = 059E338DA8E0E4E6ADFF964C /* OnboardingView.swift */; };
		7AD4B0A71343166CC8E23389 /* DividendFrequency.swift in Sources */ = {isa = PBXBuildFile; fileRef = 0C74261CC2EEDEDF87E15DF9 /* DividendFrequency.swift */; };
		7B2D54B3F2B469A4F95A7F15 /* LogPaymentTests.swift in Sources */ = {isa = PBXBuildFile; fileRef = C9AF13E5B9F14E0CDA9E3FC3 /* LogPaymentTests.swift */; };
		7DA91C0CF5A7B072841A77D8 /* Holding.swift in Sources */ = {isa = PBXBuildFile; fileRef = CDB2A6E31CD31D98D7365571 /* Holding.swift */; };
		84FCDFFB6F3785483FA427CF /* Assets.xcassets in Resources */ = {isa = PBXBuildFile; fileRef = 82975EBC14257A8D2F34F304 /* Assets.xcassets */; };
		8C910363A915775CF6FA7CE3 /* DividendCalendarView.swift in Sources */ = {isa = PBXBuildFile; fileRef = D3B8D08E73975BE9DB195BBC /* DividendCalendarView.swift */; };
		8DCB6F60B033718750EB33B9 /* Portfolio.swift in Sources */ = {isa = PBXBuildFile; fileRef = AF2A840CEFA0C7ED8794E479 /* Portfolio.swift */; };
		8FFF33A49D1A9FC856F4D3AC /* MainTabView.swift in Sources */ = {isa = PBXBuildFile; fileRef = 37BE0AA6B455F873EB9DE360 /* MainTabView.swift */; };
		9B9990E63644C5BC107B06E0 /* AddPortfolioView.swift in Sources */ = {isa = PBXBuildFile; fileRef = E74025E36A57BD79EC7BC227 /* AddPortfolioView.swift */; };
		9C907F61FCC8E161A970659A /* ContentView.swift in Sources */ = {isa = PBXBuildFile; fileRef = 01BD360246A6F91A42303E1A /* ContentView.swift */; };
		A50203DD3D1B2076C7D19950 /* PolygonEnvironment.swift in Sources */ = {isa = PBXBuildFile; fileRef = B8CA452D1E6974625C1C5FE7 /* PolygonEnvironment.swift */; };
		A5CF89FFC8257053FF08CBE7 /* HoldingPerformanceTests.swift in Sources */ = {isa = PBXBuildFile; fileRef = 3E3B95BDB50172AB02EE93A3 /* HoldingPerformanceTests.swift */; };
		AA0C63AE826F5086197D0657 /* HoldingsView.swift in Sources */ = {isa = PBXBuildFile; fileRef = 65C7AE553F676F967FF1B6E5 /* HoldingsView.swift */; };
		AA1D2D9C2F69A518390AD9E9 /* Stock.swift in Sources */ = {isa = PBXBuildFile; fileRef = 1337F25AFB67ACEE25AF311F /* Stock.swift */; };
		AAD3B35880926533988F1408 /* AddHoldingView.swift in Sources */ = {isa = PBXBuildFile; fileRef = 5FF7D7BA9F11C0ACE7514C4D /* AddHoldingView.swift */; };
		B2AE7B6FB846F9B7AE55DAE2 /* SchemaTests.swift in Sources */ = {isa = PBXBuildFile; fileRef = 70AD67C8B61F19099B90170A /* SchemaTests.swift */; };
		B3AC403AB7E6E5F0F0CCFFFA /* DividendPayment.swift in Sources */ = {isa = PBXBuildFile; fileRef = 168A87450CDF38FF8E2931A6 /* DividendPayment.swift */; };
		B43D07CBDB44FDFC98364027 /* AddHoldingTests.swift in Sources */ = {isa = PBXBuildFile; fileRef = 72B38DB100EF154D74149F3C /* AddHoldingTests.swift */; };
		BD4A40AB295269B2F1E9D6BA /* StockRefreshService.swift in Sources */ = {isa = PBXBuildFile; fileRef = 57A237E2958E19FB1B20DEB3 /* StockRefreshService.swift */; };
		BDFA051B3BB6B86108D01568 /* DividendCalendarTests.swift in Sources */ = {isa = PBXBuildFile; fileRef = 87482738929F14A98BDD0FFE /* DividendCalendarTests.swift */; };
		C738D64E338EA2ABBDCAFEF2 /* HoldingDetailView.swift in Sources */ = {isa = PBXBuildFile; fileRef = 6F397CCD27C3562FB5B67C57 /* HoldingDetailView.swift */; };
		C876E0699062F0A582B69B2B /* AlertsView.swift in Sources */ = {isa = PBXBuildFile; fileRef = B5C352E29810DED9E7E134B9 /* AlertsView.swift */; };
		CC4776AC4CA2ADF98A177337 /* SettingsView.swift in Sources */ = {isa = PBXBuildFile; fileRef = 2D1001A03B6D7EEF85B52F5D /* SettingsView.swift */; };
		CE68D103E010F4F931536ABC /* IncomeForecastView.swift in Sources */ = {isa = PBXBuildFile; fileRef = 52D51DCCA3313D2E87ABE124 /* IncomeForecastView.swift */; };
		D32F8F8F3FFB4E5055C45BE3 /* NewsView.swift in Sources */ = {isa = PBXBuildFile; fileRef = 9F2486D9EA7EB24906D73E6D /* NewsView.swift */; };
		D41E216EAECADBB79E988561 /* SectorAllocationView.swift in Sources */ = {isa = PBXBuildFile; fileRef = 6997E6401EA51FED6038B232 /* SectorAllocationView.swift */; };
		DDA4856D608D76F9D88AA9BA /* View+Extensions.swift in Sources */ = {isa = PBXBuildFile; fileRef = B83BDF54DD70EBE998E82089 /* View+Extensions.swift */; };
		EC1F022BB2214D988676FC34 /* StockRefreshServiceTests.swift in Sources */ = {isa = PBXBuildFile; fileRef = D4DD5B2B7954B51F161C848C /* StockRefreshServiceTests.swift */; };
		F0273F9FDBE894B9F8823926 /* DashboardMetricsTests.swift in Sources */ = {isa = PBXBuildFile; fileRef = 10DAE0AC3A6D2BC5044E3789 /* DashboardMetricsTests.swift */; };
		F2698E6ACFD1D5447D656A7D /* SettingsStoreTests.swift in Sources */ = {isa = PBXBuildFile; fileRef = 2332EC481425613D04D5FF2A /* SettingsStoreTests.swift */; };
		F3D8EC4E90AC7D62E61A6B10 /* PortfoliosView.swift in Sources */ = {isa = PBXBuildFile; fileRef = 0C05724C3000FDD010B74C4D /* PortfoliosView.swift */; };
		F4BF44D5393BCAC3B259F3AD /* KeychainService.swift in Sources */ = {isa = PBXBuildFile; fileRef = 41C018CC84BEF94F929B042E /* KeychainService.swift */; };
		FD12A43066297F415F8C701B /* LogPaymentView.swift in Sources */ = {isa = PBXBuildFile; fileRef = 8675B04AE3DD90FFEDA27D5C /* LogPaymentView.swift */; };
/* End PBXBuildFile section */

/* Begin PBXContainerItemProxy section */
		20056085BF954CB1BE1EA151 /* PBXContainerItemProxy */ = {
			isa = PBXContainerItemProxy;
			containerPortal = D20D8C134AF0630A2765B38B /* Project object */;
			proxyType = 1;
			remoteGlobalIDString = 95B215AF326162D28887FCB1;
			remoteInfo = MyApp;
		};
/* End PBXContainerItemProxy section */

/* Begin PBXFileReference section */
		01BD360246A6F91A42303E1A /* ContentView.swift */ = {isa = PBXFileReference; lastKnownFileType = sourcecode.swift; path = ContentView.swift; sourceTree = "<group>"; };
		047526A7CB59A2CEC408D324 /* PolygonModels.swift */ = {isa = PBXFileReference; lastKnownFileType = sourcecode.swift; path = PolygonModels.swift; sourceTree = "<group>"; };
		059E338DA8E0E4E6ADFF964C /* OnboardingView.swift */ = {isa = PBXFileReference; lastKnownFileType = sourcecode.swift; path = OnboardingView.swift; sourceTree = "<group>"; };
		0C05724C3000FDD010B74C4D /* PortfoliosView.swift */ = {isa = PBXFileReference; lastKnownFileType = sourcecode.swift; path = PortfoliosView.swift; sourceTree = "<group>"; };
		0C74261CC2EEDEDF87E15DF9 /* DividendFrequency.swift */ = {isa = PBXFileReference; lastKnownFileType = sourcecode.swift; path = DividendFrequency.swift; sourceTree = "<group>"; };
		0CE273883E50C4F702B8DA93 /* WatchlistView.swift */ = {isa = PBXFileReference; lastKnownFileType = sourcecode.swift; path = WatchlistView.swift; sourceTree = "<group>"; };
		0E027B60436A61420ED999E3 /* AppColorScheme+SwiftUI.swift */ = {isa = PBXFileReference; lastKnownFileType = sourcecode.swift; path = "AppColorScheme+SwiftUI.swift"; sourceTree = "<group>"; };
		10DAE0AC3A6D2BC5044E3789 /* DashboardMetricsTests.swift */ = {isa = PBXFileReference; lastKnownFileType = sourcecode.swift; path = DashboardMetricsTests.swift; sourceTree = "<group>"; };
		11AE850638057BE756C41B92 /* ModelContainerFactory.swift */ = {isa = PBXFileReference; lastKnownFileType = sourcecode.swift; path = ModelContainerFactory.swift; sourceTree = "<group>"; };
		1337F25AFB67ACEE25AF311F /* Stock.swift */ = {isa = PBXFileReference; lastKnownFileType = sourcecode.swift; path = Stock.swift; sourceTree = "<group>"; };
		14C8CC0191B4D2B353C92812 /* EditHoldingTests.swift */ = {isa = PBXFileReference; lastKnownFileType = sourcecode.swift; path = EditHoldingTests.swift; sourceTree = "<group>"; };
		1679A13FA7597EEABA5E85CA /* DividendCalendarRowView.swift */ = {isa = PBXFileReference; lastKnownFileType = sourcecode.swift; path = DividendCalendarRowView.swift; sourceTree = "<group>"; };
		168A87450CDF38FF8E2931A6 /* DividendPayment.swift */ = {isa = PBXFileReference; lastKnownFileType = sourcecode.swift; path = DividendPayment.swift; sourceTree = "<group>"; };
		21BA810FCE7AFA87120F016B /* Info.plist */ = {isa = PBXFileReference; lastKnownFileType = text.plist; path = Info.plist; sourceTree = "<group>"; };
		2332EC481425613D04D5FF2A /* SettingsStoreTests.swift */ = {isa = PBXFileReference; lastKnownFileType = sourcecode.swift; path = SettingsStoreTests.swift; sourceTree = "<group>"; };
		237B2E48D363E5FB9B47CB07 /* MyApp.app */ = {isa = PBXFileReference; includeInIndex = 0; lastKnownFileType = wrapper.application; path = MyApp.app; sourceTree = BUILT_PRODUCTS_DIR; };
		278F70129F8930EDBEC972D3 /* DRIPSimulatorView.swift */ = {isa = PBXFileReference; lastKnownFileType = sourcecode.swift; path = DRIPSimulatorView.swift; sourceTree = "<group>"; };
		2D1001A03B6D7EEF85B52F5D /* SettingsView.swift */ = {isa = PBXFileReference; lastKnownFileType = sourcecode.swift; path = SettingsView.swift; sourceTree = "<group>"; };
		2F21C600D487BE92833CD1B9 /* MyAppTests.xctest */ = {isa = PBXFileReference; includeInIndex = 0; lastKnownFileType = wrapper.cfbundle; path = MyAppTests.xctest; sourceTree = BUILT_PRODUCTS_DIR; };
		37BE0AA6B455F873EB9DE360 /* MainTabView.swift */ = {isa = PBXFileReference; lastKnownFileType = sourcecode.swift; path = MainTabView.swift; sourceTree = "<group>"; };
		39954C69C6016976D6D8707B /* SettingsStore.swift */ = {isa = PBXFileReference; lastKnownFileType = sourcecode.swift; path = SettingsStore.swift; sourceTree = "<group>"; };
		3E3B95BDB50172AB02EE93A3 /* HoldingPerformanceTests.swift */ = {isa = PBXFileReference; lastKnownFileType = sourcecode.swift; path = HoldingPerformanceTests.swift; sourceTree = "<group>"; };
		41C018CC84BEF94F929B042E /* KeychainService.swift */ = {isa = PBXFileReference; lastKnownFileType = sourcecode.swift; path = KeychainService.swift; sourceTree = "<group>"; };
		43AC62307FC0866810DDF20F /* MyAppApp.swift */ = {isa = PBXFileReference; lastKnownFileType = sourcecode.swift; path = MyAppApp.swift; sourceTree = "<group>"; };
		4AC714EC6294F050205D7CBC /* IncomeHeroView.swift */ = {isa = PBXFileReference; lastKnownFileType = sourcecode.swift; path = IncomeHeroView.swift; sourceTree = "<group>"; };
		4B301CF32A5E5ECBF36F3E32 /* OnboardingTests.swift */ = {isa = PBXFileReference; lastKnownFileType = sourcecode.swift; path = OnboardingTests.swift; sourceTree = "<group>"; };
		4F82B6F194AD4950FEACE8BE /* DashboardView.swift */ = {isa = PBXFileReference; lastKnownFileType = sourcecode.swift; path = DashboardView.swift; sourceTree = "<group>"; };
		52D51DCCA3313D2E87ABE124 /* IncomeForecastView.swift */ = {isa = PBXFileReference; lastKnownFileType = sourcecode.swift; path = IncomeForecastView.swift; sourceTree = "<group>"; };
		545032ABA0D6C2F77F79D93C /* WatchlistItem.swift */ = {isa = PBXFileReference; lastKnownFileType = sourcecode.swift; path = WatchlistItem.swift; sourceTree = "<group>"; };
		57A237E2958E19FB1B20DEB3 /* StockRefreshService.swift */ = {isa = PBXFileReference; lastKnownFileType = sourcecode.swift; path = StockRefreshService.swift; sourceTree = "<group>"; };
		5FF7D7BA9F11C0ACE7514C4D /* AddHoldingView.swift */ = {isa = PBXFileReference; lastKnownFileType = sourcecode.swift; path = AddHoldingView.swift; sourceTree = "<group>"; };
		65C7AE553F676F967FF1B6E5 /* HoldingsView.swift */ = {isa = PBXFileReference; lastKnownFileType = sourcecode.swift; path = HoldingsView.swift; sourceTree = "<group>"; };
		67CCEAC201176AF06A2EEE86 /* CoverageMeterTests.swift */ = {isa = PBXFileReference; lastKnownFileType = sourcecode.swift; path = CoverageMeterTests.swift; sourceTree = "<group>"; };
		6997E6401EA51FED6038B232 /* SectorAllocationView.swift */ = {isa = PBXFileReference; lastKnownFileType = sourcecode.swift; path = SectorAllocationView.swift; sourceTree = "<group>"; };
		6F397CCD27C3562FB5B67C57 /* HoldingDetailView.swift */ = {isa = PBXFileReference; lastKnownFileType = sourcecode.swift; path = HoldingDetailView.swift; sourceTree = "<group>"; };
		70AD67C8B61F19099B90170A /* SchemaTests.swift */ = {isa = PBXFileReference; lastKnownFileType = sourcecode.swift; path = SchemaTests.swift; sourceTree = "<group>"; };
		72B38DB100EF154D74149F3C /* AddHoldingTests.swift */ = {isa = PBXFileReference; lastKnownFileType = sourcecode.swift; path = AddHoldingTests.swift; sourceTree = "<group>"; };
		76B968D0039281DB8983FA03 /* DividendSchedule.swift */ = {isa = PBXFileReference; lastKnownFileType = sourcecode.swift; path = DividendSchedule.swift; sourceTree = "<group>"; };
		796F34EF1AB763776D0CFDB7 /* DividendSafetyView.swift */ = {isa = PBXFileReference; lastKnownFileType = sourcecode.swift; path = DividendSafetyView.swift; sourceTree = "<group>"; };
		82975EBC14257A8D2F34F304 /* Assets.xcassets */ = {isa = PBXFileReference; lastKnownFileType = folder.assetcatalog; path = Assets.xcassets; sourceTree = "<group>"; };
		84A74ED20A31232F6646A2A6 /* TaxSummaryView.swift */ = {isa = PBXFileReference; lastKnownFileType = sourcecode.swift; path = TaxSummaryView.swift; sourceTree = "<group>"; };
		8600F9CD4E0ECCF8DA305D42 /* EditHoldingView.swift */ = {isa = PBXFileReference; lastKnownFileType = sourcecode.swift; path = EditHoldingView.swift; sourceTree = "<group>"; };
		8675B04AE3DD90FFEDA27D5C /* LogPaymentView.swift */ = {isa = PBXFileReference; lastKnownFileType = sourcecode.swift; path = LogPaymentView.swift; sourceTree = "<group>"; };
		87482738929F14A98BDD0FFE /* DividendCalendarTests.swift */ = {isa = PBXFileReference; lastKnownFileType = sourcecode.swift; path = DividendCalendarTests.swift; sourceTree = "<group>"; };
		8FD54720865592A1AEC28DBC /* AddPortfolioTests.swift */ = {isa = PBXFileReference; lastKnownFileType = sourcecode.swift; path = AddPortfolioTests.swift; sourceTree = "<group>"; };
		9C30FC2CD0BC2FBFF38A93D0 /* DashboardMetrics.swift */ = {isa = PBXFileReference; lastKnownFileType = sourcecode.swift; path = DashboardMetrics.swift; sourceTree = "<group>"; };
		9F2486D9EA7EB24906D73E6D /* NewsView.swift */ = {isa = PBXFileReference; lastKnownFileType = sourcecode.swift; path = NewsView.swift; sourceTree = "<group>"; };
		AF2A840CEFA0C7ED8794E479 /* Portfolio.swift */ = {isa = PBXFileReference; lastKnownFileType = sourcecode.swift; path = Portfolio.swift; sourceTree = "<group>"; };
		B5C352E29810DED9E7E134B9 /* AlertsView.swift */ = {isa = PBXFileReference; lastKnownFileType = sourcecode.swift; path = AlertsView.swift; sourceTree = "<group>"; };
		B83BDF54DD70EBE998E82089 /* View+Extensions.swift */ = {isa = PBXFileReference; lastKnownFileType = sourcecode.swift; path = "View+Extensions.swift"; sourceTree = "<group>"; };
		B8CA452D1E6974625C1C5FE7 /* PolygonEnvironment.swift */ = {isa = PBXFileReference; lastKnownFileType = sourcecode.swift; path = PolygonEnvironment.swift; sourceTree = "<group>"; };
		BBC36DA4D1479658B4AC9D33 /* PolygonService.swift */ = {isa = PBXFileReference; lastKnownFileType = sourcecode.swift; path = PolygonService.swift; sourceTree = "<group>"; };
		C9AF13E5B9F14E0CDA9E3FC3 /* LogPaymentTests.swift */ = {isa = PBXFileReference; lastKnownFileType = sourcecode.swift; path = LogPaymentTests.swift; sourceTree = "<group>"; };
		CBF85C275AC60329CD30EE9A /* StockBrowserView.swift */ = {isa = PBXFileReference; lastKnownFileType = sourcecode.swift; path = StockBrowserView.swift; sourceTree = "<group>"; };
		CDB2A6E31CD31D98D7365571 /* Holding.swift */ = {isa = PBXFileReference; lastKnownFileType = sourcecode.swift; path = Holding.swift; sourceTree = "<group>"; };
		D3B8D08E73975BE9DB195BBC /* DividendCalendarView.swift */ = {isa = PBXFileReference; lastKnownFileType = sourcecode.swift; path = DividendCalendarView.swift; sourceTree = "<group>"; };
		D4A233EDCCF999850598369A /* CoverageMeterView.swift */ = {isa = PBXFileReference; lastKnownFileType = sourcecode.swift; path = CoverageMeterView.swift; sourceTree = "<group>"; };
		D4DD5B2B7954B51F161C848C /* StockRefreshServiceTests.swift */ = {isa = PBXFileReference; lastKnownFileType = sourcecode.swift; path = StockRefreshServiceTests.swift; sourceTree = "<group>"; };
		E74025E36A57BD79EC7BC227 /* AddPortfolioView.swift */ = {isa = PBXFileReference; lastKnownFileType = sourcecode.swift; path = AddPortfolioView.swift; sourceTree = "<group>"; };
		F7030F6F406B0EE940606980 /* KeychainServiceTests.swift */ = {isa = PBXFileReference; lastKnownFileType = sourcecode.swift; path = KeychainServiceTests.swift; sourceTree = "<group>"; };
/* End PBXFileReference section */

/* Begin PBXGroup section */
		0C9FB5F36A7BCD7CEEF78946 /* MyApp */ = {
			isa = PBXGroup;
			children = (
				3AA325FAA6A40F7AEFC1DE58 /* App */,
				689AB1BD9B3FE27B3D278C8D /* Core */,
				5CF51C413CE7ADA4ACB9FC05 /* Features */,
				D275A7B4BC9B3268B9F6002D /* Models */,
				6895BD3F41536DDF4FA42161 /* Resources */,
			);
			path = MyApp;
			sourceTree = "<group>";
		};
		151E16D83A917A0E9131B5C8 /* Watchlist */ = {
			isa = PBXGroup;
			children = (
				0CE273883E50C4F702B8DA93 /* WatchlistView.swift */,
			);
			path = Watchlist;
			sourceTree = "<group>";
		};
		3AA325FAA6A40F7AEFC1DE58 /* App */ = {
			isa = PBXGroup;
			children = (
				01BD360246A6F91A42303E1A /* ContentView.swift */,
				37BE0AA6B455F873EB9DE360 /* MainTabView.swift */,
				43AC62307FC0866810DDF20F /* MyAppApp.swift */,
			);
			path = App;
			sourceTree = "<group>";
		};
		3BEC3D0DA694EF5C0E131D34 /* Polygon */ = {
			isa = PBXGroup;
			children = (
				B8CA452D1E6974625C1C5FE7 /* PolygonEnvironment.swift */,
				047526A7CB59A2CEC408D324 /* PolygonModels.swift */,
				BBC36DA4D1479658B4AC9D33 /* PolygonService.swift */,
				57A237E2958E19FB1B20DEB3 /* StockRefreshService.swift */,
			);
			path = Polygon;
			sourceTree = "<group>";
		};
		3DE49B8AEA0A9B5C1C851A08 /* Onboarding */ = {
			isa = PBXGroup;
			children = (
				059E338DA8E0E4E6ADFF964C /* OnboardingView.swift */,
			);
			path = Onboarding;
			sourceTree = "<group>";
		};
		5C6AF1D56DD305A8A6443E15 /* Stocks */ = {
			isa = PBXGroup;
			children = (
				CBF85C275AC60329CD30EE9A /* StockBrowserView.swift */,
			);
			path = Stocks;
			sourceTree = "<group>";
		};
		5CF51C413CE7ADA4ACB9FC05 /* Features */ = {
			isa = PBXGroup;
			children = (
				5F94CAA53B7013FD2D8D4BA4 /* Alerts */,
				92ECBB5F3C03FB81732FF55A /* Calendar */,
				B87D0602EFCA0EE0BFD1C9A7 /* Dashboard */,
				6A8A1C3CDBBB7E6D8BB63F79 /* Holdings */,
				6AD0BC9E2D66D93D0ABC0BD1 /* News */,
				3DE49B8AEA0A9B5C1C851A08 /* Onboarding */,
				9110FDF5EAF3FB9D785EB6F2 /* Portfolios */,
				8A691F0C098D250795BBE57A /* Settings */,
				5C6AF1D56DD305A8A6443E15 /* Stocks */,
				151E16D83A917A0E9131B5C8 /* Watchlist */,
			);
			path = Features;
			sourceTree = "<group>";
		};
		5F94CAA53B7013FD2D8D4BA4 /* Alerts */ = {
			isa = PBXGroup;
			children = (
				B5C352E29810DED9E7E134B9 /* AlertsView.swift */,
			);
			path = Alerts;
			sourceTree = "<group>";
		};
		61B286794EC1C95E4FD91338 = {
			isa = PBXGroup;
			children = (
				0C9FB5F36A7BCD7CEEF78946 /* MyApp */,
				AE4A1B9AA67AE1E6AE415317 /* MyAppTests */,
				FF89FD894BEFEC90C393D9C4 /* Products */,
			);
			sourceTree = "<group>";
		};
		6895BD3F41536DDF4FA42161 /* Resources */ = {
			isa = PBXGroup;
			children = (
				82975EBC14257A8D2F34F304 /* Assets.xcassets */,
				21BA810FCE7AFA87120F016B /* Info.plist */,
			);
			path = Resources;
			sourceTree = "<group>";
		};
		689AB1BD9B3FE27B3D278C8D /* Core */ = {
			isa = PBXGroup;
			children = (
				C96668EC89E273296DBA52EA /* Extensions */,
				B76FB1F0A7CC1372F8252684 /* Persistence */,
				C8AC4AE645CBA8D182E441DE /* Services */,
			);
			path = Core;
			sourceTree = "<group>";
		};
		6A8A1C3CDBBB7E6D8BB63F79 /* Holdings */ = {
			isa = PBXGroup;
			children = (
				5FF7D7BA9F11C0ACE7514C4D /* AddHoldingView.swift */,
				E74025E36A57BD79EC7BC227 /* AddPortfolioView.swift */,
				8600F9CD4E0ECCF8DA305D42 /* EditHoldingView.swift */,
				6F397CCD27C3562FB5B67C57 /* HoldingDetailView.swift */,
				65C7AE553F676F967FF1B6E5 /* HoldingsView.swift */,
			);
			path = Holdings;
			sourceTree = "<group>";
		};
		6AD0BC9E2D66D93D0ABC0BD1 /* News */ = {
			isa = PBXGroup;
			children = (
				9F2486D9EA7EB24906D73E6D /* NewsView.swift */,
			);
			path = News;
			sourceTree = "<group>";
		};
		8A691F0C098D250795BBE57A /* Settings */ = {
			isa = PBXGroup;
			children = (
				2D1001A03B6D7EEF85B52F5D /* SettingsView.swift */,
			);
			path = Settings;
			sourceTree = "<group>";
		};
		9110FDF5EAF3FB9D785EB6F2 /* Portfolios */ = {
			isa = PBXGroup;
			children = (
				0C05724C3000FDD010B74C4D /* PortfoliosView.swift */,
			);
			path = Portfolios;
			sourceTree = "<group>";
		};
		92ECBB5F3C03FB81732FF55A /* Calendar */ = {
			isa = PBXGroup;
			children = (
				1679A13FA7597EEABA5E85CA /* DividendCalendarRowView.swift */,
				D3B8D08E73975BE9DB195BBC /* DividendCalendarView.swift */,
				8675B04AE3DD90FFEDA27D5C /* LogPaymentView.swift */,
			);
			path = Calendar;
			sourceTree = "<group>";
		};
		AE4A1B9AA67AE1E6AE415317 /* MyAppTests */ = {
			isa = PBXGroup;
			children = (
				72B38DB100EF154D74149F3C /* AddHoldingTests.swift */,
				8FD54720865592A1AEC28DBC /* AddPortfolioTests.swift */,
				67CCEAC201176AF06A2EEE86 /* CoverageMeterTests.swift */,
				10DAE0AC3A6D2BC5044E3789 /* DashboardMetricsTests.swift */,
				87482738929F14A98BDD0FFE /* DividendCalendarTests.swift */,
				14C8CC0191B4D2B353C92812 /* EditHoldingTests.swift */,
				3E3B95BDB50172AB02EE93A3 /* HoldingPerformanceTests.swift */,
				F7030F6F406B0EE940606980 /* KeychainServiceTests.swift */,
				C9AF13E5B9F14E0CDA9E3FC3 /* LogPaymentTests.swift */,
				4B301CF32A5E5ECBF36F3E32 /* OnboardingTests.swift */,
				70AD67C8B61F19099B90170A /* SchemaTests.swift */,
				2332EC481425613D04D5FF2A /* SettingsStoreTests.swift */,
				D4DD5B2B7954B51F161C848C /* StockRefreshServiceTests.swift */,
			);
			path = MyAppTests;
			sourceTree = "<group>";
		};
		B76FB1F0A7CC1372F8252684 /* Persistence */ = {
			isa = PBXGroup;
			children = (
				11AE850638057BE756C41B92 /* ModelContainerFactory.swift */,
			);
			path = Persistence;
			sourceTree = "<group>";
		};
		B87D0602EFCA0EE0BFD1C9A7 /* Dashboard */ = {
			isa = PBXGroup;
			children = (
				D4A233EDCCF999850598369A /* CoverageMeterView.swift */,
				9C30FC2CD0BC2FBFF38A93D0 /* DashboardMetrics.swift */,
				4F82B6F194AD4950FEACE8BE /* DashboardView.swift */,
				796F34EF1AB763776D0CFDB7 /* DividendSafetyView.swift */,
				278F70129F8930EDBEC972D3 /* DRIPSimulatorView.swift */,
				52D51DCCA3313D2E87ABE124 /* IncomeForecastView.swift */,
				4AC714EC6294F050205D7CBC /* IncomeHeroView.swift */,
				6997E6401EA51FED6038B232 /* SectorAllocationView.swift */,
				84A74ED20A31232F6646A2A6 /* TaxSummaryView.swift */,
			);
			path = Dashboard;
			sourceTree = "<group>";
		};
		C8AC4AE645CBA8D182E441DE /* Services */ = {
			isa = PBXGroup;
			children = (
				0E027B60436A61420ED999E3 /* AppColorScheme+SwiftUI.swift */,
				41C018CC84BEF94F929B042E /* KeychainService.swift */,
				39954C69C6016976D6D8707B /* SettingsStore.swift */,
					3BEC3D0DA694EF5C0E131D34 /* Polygon */,
			);
			path = Services;
			sourceTree = "<group>";
		};
		C96668EC89E273296DBA52EA /* Extensions */ = {
			isa = PBXGroup;
			children = (
				B83BDF54DD70EBE998E82089 /* View+Extensions.swift */,
			);
			path = Extensions;
			sourceTree = "<group>";
		};
		D275A7B4BC9B3268B9F6002D /* Models */ = {
			isa = PBXGroup;
			children = (
				0C74261CC2EEDEDF87E15DF9 /* DividendFrequency.swift */,
				168A87450CDF38FF8E2931A6 /* DividendPayment.swift */,
				76B968D0039281DB8983FA03 /* DividendSchedule.swift */,
				CDB2A6E31CD31D98D7365571 /* Holding.swift */,
				AF2A840CEFA0C7ED8794E479 /* Portfolio.swift */,
				1337F25AFB67ACEE25AF311F /* Stock.swift */,
				545032ABA0D6C2F77F79D93C /* WatchlistItem.swift */,
			);
			path = Models;
			sourceTree = "<group>";
		};
		FF89FD894BEFEC90C393D9C4 /* Products */ = {
			isa = PBXGroup;
			children = (
				237B2E48D363E5FB9B47CB07 /* MyApp.app */,
				2F21C600D487BE92833CD1B9 /* MyAppTests.xctest */,
			);
			name = Products;
			sourceTree = "<group>";
		};
/* End PBXGroup section */

/* Begin PBXNativeTarget section */
		5104944F3E60EFD415650BB0 /* MyAppTests */ = {
			isa = PBXNativeTarget;
			buildConfigurationList = D429AD3ADAE8B88C933B242D /* Build configuration list for PBXNativeTarget "MyAppTests" */;
			buildPhases = (
				4F1FBFE9E85299EA93A84081 /* Sources */,
			);
			buildRules = (
			);
			dependencies = (
				8772F572702B96554114D31D /* PBXTargetDependency */,
			);
			name = MyAppTests;
			packageProductDependencies = (
			);
			productName = MyAppTests;
			productReference = 2F21C600D487BE92833CD1B9 /* MyAppTests.xctest */;
			productType = "com.apple.product-type.bundle.unit-test";
		};
		95B215AF326162D28887FCB1 /* MyApp */ = {
			isa = PBXNativeTarget;
			buildConfigurationList = A4FAA3409601C5ECB54DBC85 /* Build configuration list for PBXNativeTarget "MyApp" */;
			buildPhases = (
				750257455CA6C48D952C723D /* Sources */,
				34FAD6744D8462372A0B029C /* Resources */,
			);
			buildRules = (
			);
			dependencies = (
			);
			name = MyApp;
			packageProductDependencies = (
			);
			productName = MyApp;
			productReference = 237B2E48D363E5FB9B47CB07 /* MyApp.app */;
			productType = "com.apple.product-type.application";
		};
/* End PBXNativeTarget section */

/* Begin PBXProject section */
		D20D8C134AF0630A2765B38B /* Project object */ = {
			isa = PBXProject;
			attributes = {
				BuildIndependentTargetsInParallel = YES;
				LastUpgradeCheck = 1430;
			};
			buildConfigurationList = 46AE2DEEF0ACBEB8BC36F81F /* Build configuration list for PBXProject "MyApp" */;
			compatibilityVersion = "Xcode 14.0";
			developmentRegion = en;
			hasScannedForEncodings = 0;
			knownRegions = (
				Base,
				en,
			);
			mainGroup = 61B286794EC1C95E4FD91338;
			minimizedProjectReferenceProxies = 1;
			preferredProjectObjectVersion = 77;
			projectDirPath = "";
			projectRoot = "";
			targets = (
				95B215AF326162D28887FCB1 /* MyApp */,
				5104944F3E60EFD415650BB0 /* MyAppTests */,
			);
		};
/* End PBXProject section */

/* Begin PBXResourcesBuildPhase section */
		34FAD6744D8462372A0B029C /* Resources */ = {
			isa = PBXResourcesBuildPhase;
			buildActionMask = 2147483647;
			files = (
				84FCDFFB6F3785483FA427CF /* Assets.xcassets in Resources */,
			);
			runOnlyForDeploymentPostprocessing = 0;
		};
/* End PBXResourcesBuildPhase section */

/* Begin PBXSourcesBuildPhase section */
		4F1FBFE9E85299EA93A84081 /* Sources */ = {
			isa = PBXSourcesBuildPhase;
			buildActionMask = 2147483647;
			files = (
				B43D07CBDB44FDFC98364027 /* AddHoldingTests.swift in Sources */,
				02BAE726E22BFFEDC7EF0414 /* AddPortfolioTests.swift in Sources */,
				302708F25D08CD1BCE76FC2D /* CoverageMeterTests.swift in Sources */,
				F0273F9FDBE894B9F8823926 /* DashboardMetricsTests.swift in Sources */,
				BDFA051B3BB6B86108D01568 /* DividendCalendarTests.swift in Sources */,
				4BFEF93245609B9F162F4F55 /* EditHoldingTests.swift in Sources */,
				A5CF89FFC8257053FF08CBE7 /* HoldingPerformanceTests.swift in Sources */,
				0979E0EFC122A65E87B6D040 /* KeychainServiceTests.swift in Sources */,
				7B2D54B3F2B469A4F95A7F15 /* LogPaymentTests.swift in Sources */,
				2811D99258A809FCFBD5EBDB /* OnboardingTests.swift in Sources */,
				B2AE7B6FB846F9B7AE55DAE2 /* SchemaTests.swift in Sources */,
				F2698E6ACFD1D5447D656A7D /* SettingsStoreTests.swift in Sources */,
				EC1F022BB2214D988676FC34 /* StockRefreshServiceTests.swift in Sources */,
			);
			runOnlyForDeploymentPostprocessing = 0;
		};
		750257455CA6C48D952C723D /* Sources */ = {
			isa = PBXSourcesBuildPhase;
			buildActionMask = 2147483647;
			files = (
				AAD3B35880926533988F1408 /* AddHoldingView.swift in Sources */,
				9B9990E63644C5BC107B06E0 /* AddPortfolioView.swift in Sources */,
				C876E0699062F0A582B69B2B /* AlertsView.swift in Sources */,
				05C95DE266286E5F2EFFF206 /* AppColorScheme+SwiftUI.swift in Sources */,
				9C907F61FCC8E161A970659A /* ContentView.swift in Sources */,
				53D1065F0BC685A0EC172A6A /* CoverageMeterView.swift in Sources */,
				0673AA4E6EB71D63D290E8FE /* DRIPSimulatorView.swift in Sources */,
				499BBEA3099494FE2D695306 /* DashboardMetrics.swift in Sources */,
				4733A1B96E03A2AE728F9093 /* DashboardView.swift in Sources */,
				6EAC5C805CD25068CD6B9FD2 /* DividendCalendarRowView.swift in Sources */,
				8C910363A915775CF6FA7CE3 /* DividendCalendarView.swift in Sources */,
				7AD4B0A71343166CC8E23389 /* DividendFrequency.swift in Sources */,
				B3AC403AB7E6E5F0F0CCFFFA /* DividendPayment.swift in Sources */,
				1BAA2B119C2179B83EE8A41D /* DividendSafetyView.swift in Sources */,
				39CE7770F3D82C44F3117BBF /* DividendSchedule.swift in Sources */,
				2219A3D66CC6A7AE4E870849 /* EditHoldingView.swift in Sources */,
				7DA91C0CF5A7B072841A77D8 /* Holding.swift in Sources */,
				C738D64E338EA2ABBDCAFEF2 /* HoldingDetailView.swift in Sources */,
				AA0C63AE826F5086197D0657 /* HoldingsView.swift in Sources */,
				CE68D103E010F4F931536ABC /* IncomeForecastView.swift in Sources */,
				5D5DB28828779CC1549F317F /* IncomeHeroView.swift in Sources */,
				F4BF44D5393BCAC3B259F3AD /* KeychainService.swift in Sources */,
				FD12A43066297F415F8C701B /* LogPaymentView.swift in Sources */,
				8FFF33A49D1A9FC856F4D3AC /* MainTabView.swift in Sources */,
				496B5466FBBAB916FEC7CDA4 /* ModelContainerFactory.swift in Sources */,
				532A1BF0FBDA072F48C348BD /* MyAppApp.swift in Sources */,
				D32F8F8F3FFB4E5055C45BE3 /* NewsView.swift in Sources */,
				73B2BA9EDC6ED7AB23745BB6 /* OnboardingView.swift in Sources */,
				A50203DD3D1B2076C7D19950 /* PolygonEnvironment.swift in Sources */,
				6FB33C4BAF790F222558D82D /* PolygonModels.swift in Sources */,
				1ED58B5C130C37C017765788 /* PolygonService.swift in Sources */,
				8DCB6F60B033718750EB33B9 /* Portfolio.swift in Sources */,
				F3D8EC4E90AC7D62E61A6B10 /* PortfoliosView.swift in Sources */,
				D41E216EAECADBB79E988561 /* SectorAllocationView.swift in Sources */,
				10C70E33FFDEDB066F21DFC4 /* SettingsStore.swift in Sources */,
				CC4776AC4CA2ADF98A177337 /* SettingsView.swift in Sources */,
				AA1D2D9C2F69A518390AD9E9 /* Stock.swift in Sources */,
				2B2F7F5FE6554DC6CBC1D8B0 /* StockBrowserView.swift in Sources */,
				BD4A40AB295269B2F1E9D6BA /* StockRefreshService.swift in Sources */,
				14BF60D0BA98FE81C5979572 /* TaxSummaryView.swift in Sources */,
				DDA4856D608D76F9D88AA9BA /* View+Extensions.swift in Sources */,
				17AE816DDA9521CBBFDFD69B /* WatchlistItem.swift in Sources */,
				0F2DA6D72E887A177DAF9D58 /* WatchlistView.swift in Sources */,
			);
			runOnlyForDeploymentPostprocessing = 0;
		};
/* End PBXSourcesBuildPhase section */

/* Begin PBXTargetDependency section */
		8772F572702B96554114D31D /* PBXTargetDependency */ = {
			isa = PBXTargetDependency;
			target = 95B215AF326162D28887FCB1 /* MyApp */;
			targetProxy = 20056085BF954CB1BE1EA151 /* PBXContainerItemProxy */;
		};
/* End PBXTargetDependency section */

/* Begin XCBuildConfiguration section */
		3BC9F2FE6F93BE35F7549703 /* Release */ = {
			isa = XCBuildConfiguration;
			buildSettings = {
				BUNDLE_LOADER = "$(TEST_HOST)";
				GENERATE_INFOPLIST_FILE = YES;
				IPHONEOS_DEPLOYMENT_TARGET = 17.0;
				PRODUCT_BUNDLE_IDENTIFIER = com.myapp.MyAppTests;
				PRODUCT_NAME = MyAppTests;
				TEST_HOST = "$(BUILT_PRODUCTS_DIR)/MyApp.app/$(BUNDLE_EXECUTABLE_FOLDER_PATH)/MyApp";
			};
			name = Release;
		};
		53FBB739A03DFDED333E0DA1 /* Debug */ = {
			isa = XCBuildConfiguration;
			buildSettings = {
				CURRENT_PROJECT_VERSION = 1;
				DEBUG_INFORMATION_FORMAT = dwarf;
				ENABLE_PREVIEWS = YES;
				IPHONEOS_DEPLOYMENT_TARGET = 17.0;
				MARKETING_VERSION = 1.0;
				SDKROOT = iphoneos;
				SWIFT_OPTIMIZATION_LEVEL = "-Onone";
				SWIFT_VERSION = 5.10;
			};
			name = Debug;
		};
		866294BBCF218BA78F2419A4 /* Debug */ = {
			isa = XCBuildConfiguration;
			buildSettings = {
				ASSETCATALOG_COMPILER_APPICON_NAME = AppIcon;
				ENABLE_TESTABILITY = YES;
				INFOPLIST_FILE = MyApp/Resources/Info.plist;
				IPHONEOS_DEPLOYMENT_TARGET = 17.0;
				PRODUCT_BUNDLE_IDENTIFIER = com.myapp.MyApp;
				PRODUCT_NAME = MyApp;
			};
			name = Debug;
		};
		CD8095825CE070DE54C1A347 /* Release */ = {
			isa = XCBuildConfiguration;
			buildSettings = {
				ASSETCATALOG_COMPILER_APPICON_NAME = AppIcon;
				INFOPLIST_FILE = MyApp/Resources/Info.plist;
				IPHONEOS_DEPLOYMENT_TARGET = 17.0;
				PRODUCT_BUNDLE_IDENTIFIER = com.myapp.MyApp;
				PRODUCT_NAME = MyApp;
			};
			name = Release;
		};
		CDB2FE40F7F443040D6C7847 /* Debug */ = {
			isa = XCBuildConfiguration;
			buildSettings = {
				BUNDLE_LOADER = "$(TEST_HOST)";
				GENERATE_INFOPLIST_FILE = YES;
				IPHONEOS_DEPLOYMENT_TARGET = 17.0;
				PRODUCT_BUNDLE_IDENTIFIER = com.myapp.MyAppTests;
				PRODUCT_NAME = MyAppTests;
				TEST_HOST = "$(BUILT_PRODUCTS_DIR)/MyApp.app/$(BUNDLE_EXECUTABLE_FOLDER_PATH)/MyApp";
			};
			name = Debug;
		};
		D1199B124EE5FBBDFDAEFF0A /* Release */ = {
			isa = XCBuildConfiguration;
			buildSettings = {
				CURRENT_PROJECT_VERSION = 1;
				DEBUG_INFORMATION_FORMAT = "dwarf-with-dsym";
				ENABLE_PREVIEWS = YES;
				IPHONEOS_DEPLOYMENT_TARGET = 17.0;
				MARKETING_VERSION = 1.0;
				SDKROOT = iphoneos;
				SWIFT_OPTIMIZATION_LEVEL = "-O";
				SWIFT_VERSION = 5.10;
			};
			name = Release;
		};
/* End XCBuildConfiguration section */

/* Begin XCConfigurationList section */
		46AE2DEEF0ACBEB8BC36F81F /* Build configuration list for PBXProject "MyApp" */ = {
			isa = XCConfigurationList;
			buildConfigurations = (
				53FBB739A03DFDED333E0DA1 /* Debug */,
				D1199B124EE5FBBDFDAEFF0A /* Release */,
			);
			defaultConfigurationIsVisible = 0;
			defaultConfigurationName = Debug;
		};
		A4FAA3409601C5ECB54DBC85 /* Build configuration list for PBXNativeTarget "MyApp" */ = {
			isa = XCConfigurationList;
			buildConfigurations = (
				866294BBCF218BA78F2419A4 /* Debug */,
				CD8095825CE070DE54C1A347 /* Release */,
			);
			defaultConfigurationIsVisible = 0;
			defaultConfigurationName = Debug;
		};
		D429AD3ADAE8B88C933B242D /* Build configuration list for PBXNativeTarget "MyAppTests" */ = {
			isa = XCConfigurationList;
			buildConfigurations = (
				CDB2FE40F7F443040D6C7847 /* Debug */,
				3BC9F2FE6F93BE35F7549703 /* Release */,
			);
			defaultConfigurationIsVisible = 0;
			defaultConfigurationName = Debug;
		};
/* End XCConfigurationList section */
	};
	rootObject = D20D8C134AF0630A2765B38B /* Project object */;
}
